
Microsoft Visual Studio Solution File, Format Version 12.00
# Visual Studio Version 17
VisualStudioVersion = 17.10.35027.167
MinimumVisualStudioVersion = 10.0.40219.1
Project("{9A19103F-16F7-4668-BE54-9A1E7A4F7556}") = "BaekJoon_CodingTest", "BaekJoon_CodingTest\BaekJoon_CodingTest.csproj", "{C5601F18-5038-4AE8-AEB4-68E4E468EE93}"
EndProject
Project("{9A19103F-16F7-4668-BE54-9A1E7A4F7556}") = "2557", "2557\2557.csproj", "{ADD1D4BB-CCDB-4040-8164-D61D01AAF387}"
EndProject
Project("{9A19103F-16F7-4668-BE54-9A1E7A4F7556}") = "1000", "1000\1000.csproj", "{35F3A840-9075-45E2-AD42-8A272C86C23D}"
EndProject
Project("{9A19103F-16F7-4668-BE54-9A1E7A4F7556}") = "1001", "1001\1001.csproj", "{666CC443-44CD-411D-AED7-DEB13BC300E4}"
EndProject
Project("{9A19103F-16F7-4668-BE54-9A1E7A4F7556}") = "10998", "10998\10998.csproj", "{C14137C0-FB41-4E9E-8051-F8FB7E72EAAD}"
EndProject
Project("{9A19103F-16F7-4668-BE54-9A1E7A4F7556}") = "1008", "1008\1008.csproj", "{B9DA0334-52AD-48A4-BA27-02FC71D49E4B}"
EndProject
Project("{9A19103F-16F7-4668-BE54-9A1E7A4F7556}") = "10869", "10869\10869.csproj", "{C4E98CE0-B782-47FF-8A9F-68401D5EA4DA}"
EndProject
Project("{9A19103F-16F7-4668-BE54-9A1E7A4F7556}") = "10926", "10926\10926.csproj", "{C458C663-FB93-41A4-B9AF-2B3D1939AA88}"
EndProject
Project("{9A19103F-16F7-4668-BE54-9A1E7A4F7556}") = "18108", "18108\18108.csproj", "{CEC29B79-2714-4733-8859-7612968F8FAD}"
EndProject
Project("{9A19103F-16F7-4668-BE54-9A1E7A4F7556}") = "10430", "10430\10430.csproj", "{2566F88E-9A8E-4999-A669-BB253742990B}"
EndProject
Project("{9A19103F-16F7-4668-BE54-9A1E7A4F7556}") = "2588", "2588\2588.csproj", "{E683136A-886A-4FAF-8605-DAA446B3B921}"
EndProject
Project("{9A19103F-16F7-4668-BE54-9A1E7A4F7556}") = "11382", "11382\11382.csproj", "{809477EC-6204-4F93-B7B4-F4F911905AE0}"
EndProject
Project("{9A19103F-16F7-4668-BE54-9A1E7A4F7556}") = "10171", "10171\10171.csproj", "{957C2DE0-D0F5-4D82-BFC4-4C15CA28F429}"
EndProject
Project("{9A19103F-16F7-4668-BE54-9A1E7A4F7556}") = "10172", "10172\10172.csproj", "{AD2C0843-7C01-4075-81B7-B5752F83CE76}"
EndProject
Project("{9A19103F-16F7-4668-BE54-9A1E7A4F7556}") = "1330", "1330\1330.csproj", "{D1693261-33B7-4988-A1F5-F0E18A37608A}"
EndProject
Project("{9A19103F-16F7-4668-BE54-9A1E7A4F7556}") = "9498", "9498\9498.csproj", "{93AD57C1-29EC-48BA-A627-A347059D9C98}"
EndProject
Project("{9A19103F-16F7-4668-BE54-9A1E7A4F7556}") = "2753", "2753\2753.csproj", "{249E3803-464C-4DE6-AC9D-6CE33B6D44D5}"
EndProject
Project("{9A19103F-16F7-4668-BE54-9A1E7A4F7556}") = "14681", "14681\14681.csproj", "{8D133BF4-4755-411F-A07D-7D126BE074D0}"
EndProject
Project("{9A19103F-16F7-4668-BE54-9A1E7A4F7556}") = "2884", "2884\2884.csproj", "{749DC419-AFEB-406C-ABF1-288C5B84F575}"
EndProject
Project("{9A19103F-16F7-4668-BE54-9A1E7A4F7556}") = "2884 success", "2884 suceess\2884 success.csproj", "{643FE9AC-7600-4103-A1B7-9E254A26C060}"
EndProject
Project("{9A19103F-16F7-4668-BE54-9A1E7A4F7556}") = "2525", "2525\2525.csproj", "{7D4D50F2-9DA3-436A-B05B-9398D8CDB09C}"
EndProject
Project("{9A19103F-16F7-4668-BE54-9A1E7A4F7556}") = "2480", "2480\2480.csproj", "{72EBB805-8DF6-40D5-8C86-5F28FF3559B2}"
EndProject
Project("{9A19103F-16F7-4668-BE54-9A1E7A4F7556}") = "2739", "2739\2739.csproj", "{118FB8CA-95DB-49B6-A81B-6A040798281E}"
EndProject
Project("{9A19103F-16F7-4668-BE54-9A1E7A4F7556}") = "10950", "10950\10950.csproj", "{A08BD247-160A-4308-8FAA-48D092AACDC0}"
EndProject
Project("{9A19103F-16F7-4668-BE54-9A1E7A4F7556}") = "8393", "8393\8393.csproj", "{7EFD679D-E0E5-4903-8007-ED71E4A919C1}"
EndProject
Project("{FAE04EC0-301F-11D3-BF4B-00C04F79EFBC}") = "25304", "25304\25304.csproj", "{A7F0D830-9D04-41DB-8DEA-BB531360410A}"
EndProject
Project("{9A19103F-16F7-4668-BE54-9A1E7A4F7556}") = "25314", "25314\25314.csproj", "{4D5DA0C0-E475-4A8E-AD9E-E4FADF778EFA}"
EndProject
Project("{FAE04EC0-301F-11D3-BF4B-00C04F79EFBC}") = "15552", "15552\15552.csproj", "{77C7C831-5559-46C8-9A0C-31035AAF9E53}"
EndProject
Global
	GlobalSection(SolutionConfigurationPlatforms) = preSolution
		Debug|Any CPU = Debug|Any CPU
		Release|Any CPU = Release|Any CPU
	EndGlobalSection
	GlobalSection(ProjectConfigurationPlatforms) = postSolution
		{C5601F18-5038-4AE8-AEB4-68E4E468EE93}.Debug|Any CPU.ActiveCfg = Debug|Any CPU
		{C5601F18-5038-4AE8-AEB4-68E4E468EE93}.Debug|Any CPU.Build.0 = Debug|Any CPU
		{C5601F18-5038-4AE8-AEB4-68E4E468EE93}.Release|Any CPU.ActiveCfg = Release|Any CPU
		{C5601F18-5038-4AE8-AEB4-68E4E468EE93}.Release|Any CPU.Build.0 = Release|Any CPU
		{ADD1D4BB-CCDB-4040-8164-D61D01AAF387}.Debug|Any CPU.ActiveCfg = Debug|Any CPU
		{ADD1D4BB-CCDB-4040-8164-D61D01AAF387}.Debug|Any CPU.Build.0 = Debug|Any CPU
		{ADD1D4BB-CCDB-4040-8164-D61D01AAF387}.Release|Any CPU.ActiveCfg = Release|Any CPU
		{ADD1D4BB-CCDB-4040-8164-D61D01AAF387}.Release|Any CPU.Build.0 = Release|Any CPU
		{35F3A840-9075-45E2-AD42-8A272C86C23D}.Debug|Any CPU.ActiveCfg = Debug|Any CPU
		{35F3A840-9075-45E2-AD42-8A272C86C23D}.Debug|Any CPU.Build.0 = Debug|Any CPU
		{35F3A840-9075-45E2-AD42-8A272C86C23D}.Release|Any CPU.ActiveCfg = Release|Any CPU
		{35F3A840-9075-45E2-AD42-8A272C86C23D}.Release|Any CPU.Build.0 = Release|Any CPU
		{666CC443-44CD-411D-AED7-DEB13BC300E4}.Debug|Any CPU.ActiveCfg = Debug|Any CPU
		{666CC443-44CD-411D-AED7-DEB13BC300E4}.Debug|Any CPU.Build.0 = Debug|Any CPU
		{666CC443-44CD-411D-AED7-DEB13BC300E4}.Release|Any CPU.ActiveCfg = Release|Any CPU
		{666CC443-44CD-411D-AED7-DEB13BC300E4}.Release|Any CPU.Build.0 = Release|Any CPU
		{C14137C0-FB41-4E9E-8051-F8FB7E72EAAD}.Debug|Any CPU.ActiveCfg = Debug|Any CPU
		{C14137C0-FB41-4E9E-8051-F8FB7E72EAAD}.Debug|Any CPU.Build.0 = Debug|Any CPU
		{C14137C0-FB41-4E9E-8051-F8FB7E72EAAD}.Release|Any CPU.ActiveCfg = Release|Any CPU
		{C14137C0-FB41-4E9E-8051-F8FB7E72EAAD}.Release|Any CPU.Build.0 = Release|Any CPU
		{B9DA0334-52AD-48A4-BA27-02FC71D49E4B}.Debug|Any CPU.ActiveCfg = Debug|Any CPU
		{B9DA0334-52AD-48A4-BA27-02FC71D49E4B}.Debug|Any CPU.Build.0 = Debug|Any CPU
		{B9DA0334-52AD-48A4-BA27-02FC71D49E4B}.Release|Any CPU.ActiveCfg = Release|Any CPU
		{B9DA0334-52AD-48A4-BA27-02FC71D49E4B}.Release|Any CPU.Build.0 = Release|Any CPU
		{C4E98CE0-B782-47FF-8A9F-68401D5EA4DA}.Debug|Any CPU.ActiveCfg = Debug|Any CPU
		{C4E98CE0-B782-47FF-8A9F-68401D5EA4DA}.Debug|Any CPU.Build.0 = Debug|Any CPU
		{C4E98CE0-B782-47FF-8A9F-68401D5EA4DA}.Release|Any CPU.ActiveCfg = Release|Any CPU
		{C4E98CE0-B782-47FF-8A9F-68401D5EA4DA}.Release|Any CPU.Build.0 = Release|Any CPU
		{C458C663-FB93-41A4-B9AF-2B3D1939AA88}.Debug|Any CPU.ActiveCfg = Debug|Any CPU
		{C458C663-FB93-41A4-B9AF-2B3D1939AA88}.Debug|Any CPU.Build.0 = Debug|Any CPU
		{C458C663-FB93-41A4-B9AF-2B3D1939AA88}.Release|Any CPU.ActiveCfg = Release|Any CPU
		{C458C663-FB93-41A4-B9AF-2B3D1939AA88}.Release|Any CPU.Build.0 = Release|Any CPU
		{CEC29B79-2714-4733-8859-7612968F8FAD}.Debug|Any CPU.ActiveCfg = Debug|Any CPU
		{CEC29B79-2714-4733-8859-7612968F8FAD}.Debug|Any CPU.Build.0 = Debug|Any CPU
		{CEC29B79-2714-4733-8859-7612968F8FAD}.Release|Any CPU.ActiveCfg = Release|Any CPU
		{CEC29B79-2714-4733-8859-7612968F8FAD}.Release|Any CPU.Build.0 = Release|Any CPU
		{2566F88E-9A8E-4999-A669-BB253742990B}.Debug|Any CPU.ActiveCfg = Debug|Any CPU
		{2566F88E-9A8E-4999-A669-BB253742990B}.Debug|Any CPU.Build.0 = Debug|Any CPU
		{2566F88E-9A8E-4999-A669-BB253742990B}.Release|Any CPU.ActiveCfg = Release|Any CPU
		{2566F88E-9A8E-4999-A669-BB253742990B}.Release|Any CPU.Build.0 = Release|Any CPU
		{E683136A-886A-4FAF-8605-DAA446B3B921}.Debug|Any CPU.ActiveCfg = Debug|Any CPU
		{E683136A-886A-4FAF-8605-DAA446B3B921}.Debug|Any CPU.Build.0 = Debug|Any CPU
		{E683136A-886A-4FAF-8605-DAA446B3B921}.Release|Any CPU.ActiveCfg = Release|Any CPU
		{E683136A-886A-4FAF-8605-DAA446B3B921}.Release|Any CPU.Build.0 = Release|Any CPU
		{809477EC-6204-4F93-B7B4-F4F911905AE0}.Debug|Any CPU.ActiveCfg = Debug|Any CPU
		{809477EC-6204-4F93-B7B4-F4F911905AE0}.Debug|Any CPU.Build.0 = Debug|Any CPU
		{809477EC-6204-4F93-B7B4-F4F911905AE0}.Release|Any CPU.ActiveCfg = Release|Any CPU
		{809477EC-6204-4F93-B7B4-F4F911905AE0}.Release|Any CPU.Build.0 = Release|Any CPU
		{957C2DE0-D0F5-4D82-BFC4-4C15CA28F429}.Debug|Any CPU.ActiveCfg = Debug|Any CPU
		{957C2DE0-D0F5-4D82-BFC4-4C15CA28F429}.Debug|Any CPU.Build.0 = Debug|Any CPU
		{957C2DE0-D0F5-4D82-BFC4-4C15CA28F429}.Release|Any CPU.ActiveCfg = Release|Any CPU
		{957C2DE0-D0F5-4D82-BFC4-4C15CA28F429}.Release|Any CPU.Build.0 = Release|Any CPU
		{AD2C0843-7C01-4075-81B7-B5752F83CE76}.Debug|Any CPU.ActiveCfg = Debug|Any CPU
		{AD2C0843-7C01-4075-81B7-B5752F83CE76}.Debug|Any CPU.Build.0 = Debug|Any CPU
		{AD2C0843-7C01-4075-81B7-B5752F83CE76}.Release|Any CPU.ActiveCfg = Release|Any CPU
		{AD2C0843-7C01-4075-81B7-B5752F83CE76}.Release|Any CPU.Build.0 = Release|Any CPU
		{D1693261-33B7-4988-A1F5-F0E18A37608A}.Debug|Any CPU.ActiveCfg = Debug|Any CPU
		{D1693261-33B7-4988-A1F5-F0E18A37608A}.Debug|Any CPU.Build.0 = Debug|Any CPU
		{D1693261-33B7-4988-A1F5-F0E18A37608A}.Release|Any CPU.ActiveCfg = Release|Any CPU
		{D1693261-33B7-4988-A1F5-F0E18A37608A}.Release|Any CPU.Build.0 = Release|Any CPU
		{93AD57C1-29EC-48BA-A627-A347059D9C98}.Debug|Any CPU.ActiveCfg = Debug|Any CPU
		{93AD57C1-29EC-48BA-A627-A347059D9C98}.Debug|Any CPU.Build.0 = Debug|Any CPU
		{93AD57C1-29EC-48BA-A627-A347059D9C98}.Release|Any CPU.ActiveCfg = Release|Any CPU
		{93AD57C1-29EC-48BA-A627-A347059D9C98}.Release|Any CPU.Build.0 = Release|Any CPU
		{249E3803-464C-4DE6-AC9D-6CE33B6D44D5}.Debug|Any CPU.ActiveCfg = Debug|Any CPU
		{249E3803-464C-4DE6-AC9D-6CE33B6D44D5}.Debug|Any CPU.Build.0 = Debug|Any CPU
		{249E3803-464C-4DE6-AC9D-6CE33B6D44D5}.Release|Any CPU.ActiveCfg = Release|Any CPU
		{249E3803-464C-4DE6-AC9D-6CE33B6D44D5}.Release|Any CPU.Build.0 = Release|Any CPU
		{8D133BF4-4755-411F-A07D-7D126BE074D0}.Debug|Any CPU.ActiveCfg = Debug|Any CPU
		{8D133BF4-4755-411F-A07D-7D126BE074D0}.Debug|Any CPU.Build.0 = Debug|Any CPU
		{8D133BF4-4755-411F-A07D-7D126BE074D0}.Release|Any CPU.ActiveCfg = Release|Any CPU
		{8D133BF4-4755-411F-A07D-7D126BE074D0}.Release|Any CPU.Build.0 = Release|Any CPU
		{749DC419-AFEB-406C-ABF1-288C5B84F575}.Debug|Any CPU.ActiveCfg = Debug|Any CPU
		{749DC419-AFEB-406C-ABF1-288C5B84F575}.Debug|Any CPU.Build.0 = Debug|Any CPU
		{749DC419-AFEB-406C-ABF1-288C5B84F575}.Release|Any CPU.ActiveCfg = Release|Any CPU
		{749DC419-AFEB-406C-ABF1-288C5B84F575}.Release|Any CPU.Build.0 = Release|Any CPU
		{643FE9AC-7600-4103-A1B7-9E254A26C060}.Debug|Any CPU.ActiveCfg = Debug|Any CPU
		{643FE9AC-7600-4103-A1B7-9E254A26C060}.Debug|Any CPU.Build.0 = Debug|Any CPU
		{643FE9AC-7600-4103-A1B7-9E254A26C060}.Release|Any CPU.ActiveCfg = Release|Any CPU
		{643FE9AC-7600-4103-A1B7-9E254A26C060}.Release|Any CPU.Build.0 = Release|Any CPU
		{7D4D50F2-9DA3-436A-B05B-9398D8CDB09C}.Debug|Any CPU.ActiveCfg = Debug|Any CPU
		{7D4D50F2-9DA3-436A-B05B-9398D8CDB09C}.Debug|Any CPU.Build.0 = Debug|Any CPU
		{7D4D50F2-9DA3-436A-B05B-9398D8CDB09C}.Release|Any CPU.ActiveCfg = Release|Any CPU
		{7D4D50F2-9DA3-436A-B05B-9398D8CDB09C}.Release|Any CPU.Build.0 = Release|Any CPU
		{72EBB805-8DF6-40D5-8C86-5F28FF3559B2}.Debug|Any CPU.ActiveCfg = Debug|Any CPU
		{72EBB805-8DF6-40D5-8C86-5F28FF3559B2}.Debug|Any CPU.Build.0 = Debug|Any CPU
		{72EBB805-8DF6-40D5-8C86-5F28FF3559B2}.Release|Any CPU.ActiveCfg = Release|Any CPU
		{72EBB805-8DF6-40D5-8C86-5F28FF3559B2}.Release|Any CPU.Build.0 = Release|Any CPU
		{118FB8CA-95DB-49B6-A81B-6A040798281E}.Debug|Any CPU.ActiveCfg = Debug|Any CPU
		{118FB8CA-95DB-49B6-A81B-6A040798281E}.Debug|Any CPU.Build.0 = Debug|Any CPU
		{118FB8CA-95DB-49B6-A81B-6A040798281E}.Release|Any CPU.ActiveCfg = Release|Any CPU
		{118FB8CA-95DB-49B6-A81B-6A040798281E}.Release|Any CPU.Build.0 = Release|Any CPU
		{A08BD247-160A-4308-8FAA-48D092AACDC0}.Debug|Any CPU.ActiveCfg = Debug|Any CPU
		{A08BD247-160A-4308-8FAA-48D092AACDC0}.Debug|Any CPU.Build.0 = Debug|Any CPU
		{A08BD247-160A-4308-8FAA-48D092AACDC0}.Release|Any CPU.ActiveCfg = Release|Any CPU
		{A08BD247-160A-4308-8FAA-48D092AACDC0}.Release|Any CPU.Build.0 = Release|Any CPU
		{7EFD679D-E0E5-4903-8007-ED71E4A919C1}.Debug|Any CPU.ActiveCfg = Debug|Any CPU
		{7EFD679D-E0E5-4903-8007-ED71E4A919C1}.Debug|Any CPU.Build.0 = Debug|Any CPU
		{7EFD679D-E0E5-4903-8007-ED71E4A919C1}.Release|Any CPU.ActiveCfg = Release|Any CPU
		{7EFD679D-E0E5-4903-8007-ED71E4A919C1}.Release|Any CPU.Build.0 = Release|Any CPU
		{A7F0D830-9D04-41DB-8DEA-BB531360410A}.Debug|Any CPU.ActiveCfg = Debug|Any CPU
		{A7F0D830-9D04-41DB-8DEA-BB531360410A}.Debug|Any CPU.Build.0 = Debug|Any CPU
		{A7F0D830-9D04-41DB-8DEA-BB531360410A}.Release|Any CPU.ActiveCfg = Release|Any CPU
		{A7F0D830-9D04-41DB-8DEA-BB531360410A}.Release|Any CPU.Build.0 = Release|Any CPU
		{4D5DA0C0-E475-4A8E-AD9E-E4FADF778EFA}.Debug|Any CPU.ActiveCfg = Debug|Any CPU
		{4D5DA0C0-E475-4A8E-AD9E-E4FADF778EFA}.Debug|Any CPU.Build.0 = Debug|Any CPU
		{4D5DA0C0-E475-4A8E-AD9E-E4FADF778EFA}.Release|Any CPU.ActiveCfg = Release|Any CPU
		{4D5DA0C0-E475-4A8E-AD9E-E4FADF778EFA}.Release|Any CPU.Build.0 = Release|Any CPU
		{77C7C831-5559-46C8-9A0C-31035AAF9E53}.Debug|Any CPU.ActiveCfg = Debug|Any CPU
		{77C7C831-5559-46C8-9A0C-31035AAF9E53}.Debug|Any CPU.Build.0 = Debug|Any CPU
		{77C7C831-5559-46C8-9A0C-31035AAF9E53}.Release|Any CPU.ActiveCfg = Release|Any CPU
		{77C7C831-5559-46C8-9A0C-31035AAF9E53}.Release|Any CPU.Build.0 = Release|Any CPU
	EndGlobalSection
	GlobalSection(SolutionProperties) = preSolution
		HideSolutionNode = FALSE
	EndGlobalSection
	GlobalSection(ExtensibilityGlobals) = postSolution
		SolutionGuid = {EC83FA5B-66C7-43E2-9F52-7070E51901F0}
	EndGlobalSection
EndGlobal
